// !$*UTF8*$!
{
	archiveVersion = 1;
	classes = {
	};
	objectVersion = 56;
	objects = {

/* Begin PBXBuildFile section */
		86B2B6302A0CACDE004914B3 /* GoogleService-Info.plist in Resources */ = {isa = PBXBuildFile; fileRef = 86B2B62F2A0CACDE004914B3 /* GoogleService-Info.plist */; };
		86B2B6332A0CB16A004914B3 /* FirebaseFirestore in Frameworks */ = {isa = PBXBuildFile; productRef = 86B2B6322A0CB16A004914B3 /* FirebaseFirestore */; };
		86B2B6372A0DE6E2004914B3 /* Post.m in Sources */ = {isa = PBXBuildFile; fileRef = 86B2B6362A0DE6E2004914B3 /* Post.m */; };
		86B2B63B2A0DF8CA004914B3 /* PostListViewController.storyboard in Resources */ = {isa = PBXBuildFile; fileRef = 86B2B63A2A0DF8CA004914B3 /* PostListViewController.storyboard */; };
		86B2B6402A0DFA20004914B3 /* AddPostViewController.m in Sources */ = {isa = PBXBuildFile; fileRef = 86B2B63F2A0DFA20004914B3 /* AddPostViewController.m */; };
		86B2B6422A0DFA30004914B3 /* AddPostViewController.storyboard in Resources */ = {isa = PBXBuildFile; fileRef = 86B2B6412A0DFA30004914B3 /* AddPostViewController.storyboard */; };
		86B2B6462A0DFEA5004914B3 /* PostTableViewCell.m in Sources */ = {isa = PBXBuildFile; fileRef = 86B2B6452A0DFEA5004914B3 /* PostTableViewCell.m */; };
		86B2B6482A0DFEBA004914B3 /* PostTableViewCell.xib in Resources */ = {isa = PBXBuildFile; fileRef = 86B2B6472A0DFEBA004914B3 /* PostTableViewCell.xib */; };
		86B2B64C2A0E18C7004914B3 /* NSDate+Helpers.m in Sources */ = {isa = PBXBuildFile; fileRef = 86B2B64B2A0E18C7004914B3 /* NSDate+Helpers.m */; };
		86B2B64F2A0E30D5004914B3 /* SDWebImage in Frameworks */ = {isa = PBXBuildFile; productRef = 86B2B64E2A0E30D5004914B3 /* SDWebImage */; };
		86B2B6542A0E3760004914B3 /* MainTabBarController.m in Sources */ = {isa = PBXBuildFile; fileRef = 86B2B6532A0E3760004914B3 /* MainTabBarController.m */; };
		86E56E7D2A0CAA7600BACFCB /* AppDelegate.m in Sources */ = {isa = PBXBuildFile; fileRef = 86E56E7C2A0CAA7600BACFCB /* AppDelegate.m */; };
		86E56E802A0CAA7600BACFCB /* SceneDelegate.m in Sources */ = {isa = PBXBuildFile; fileRef = 86E56E7F2A0CAA7600BACFCB /* SceneDelegate.m */; };
		86E56E832A0CAA7600BACFCB /* PostListViewController.m in Sources */ = {isa = PBXBuildFile; fileRef = 86E56E822A0CAA7600BACFCB /* PostListViewController.m */; };
		86E56E862A0CAA7600BACFCB /* Main.storyboard in Resources */ = {isa = PBXBuildFile; fileRef = 86E56E842A0CAA7600BACFCB /* Main.storyboard */; };
		86E56E882A0CAA7700BACFCB /* Assets.xcassets in Resources */ = {isa = PBXBuildFile; fileRef = 86E56E872A0CAA7700BACFCB /* Assets.xcassets */; };
		86E56E8B2A0CAA7700BACFCB /* LaunchScreen.storyboard in Resources */ = {isa = PBXBuildFile; fileRef = 86E56E892A0CAA7700BACFCB /* LaunchScreen.storyboard */; };
		86E56E8E2A0CAA7700BACFCB /* main.m in Sources */ = {isa = PBXBuildFile; fileRef = 86E56E8D2A0CAA7700BACFCB /* main.m */; };
/* End PBXBuildFile section */

/* Begin PBXFileReference section */
		86B2B62F2A0CACDE004914B3 /* GoogleService-Info.plist */ = {isa = PBXFileReference; fileEncoding = 4; lastKnownFileType = text.plist.xml; path = "GoogleService-Info.plist"; sourceTree = "<group>"; };
		86B2B6352A0DE6E2004914B3 /* Post.h */ = {isa = PBXFileReference; lastKnownFileType = sourcecode.c.h; path = Post.h; sourceTree = "<group>"; };
		86B2B6362A0DE6E2004914B3 /* Post.m */ = {isa = PBXFileReference; lastKnownFileType = sourcecode.c.objc; path = Post.m; sourceTree = "<group>"; };
		86B2B63A2A0DF8CA004914B3 /* PostListViewController.storyboard */ = {isa = PBXFileReference; lastKnownFileType = file.storyboard; path = PostListViewController.storyboard; sourceTree = "<group>"; };
		86B2B63E2A0DFA20004914B3 /* AddPostViewController.h */ = {isa = PBXFileReference; lastKnownFileType = sourcecode.c.h; path = AddPostViewController.h; sourceTree = "<group>"; };
		86B2B63F2A0DFA20004914B3 /* AddPostViewController.m */ = {isa = PBXFileReference; lastKnownFileType = sourcecode.c.objc; path = AddPostViewController.m; sourceTree = "<group>"; };
		86B2B6412A0DFA30004914B3 /* AddPostViewController.storyboard */ = {isa = PBXFileReference; lastKnownFileType = file.storyboard; path = AddPostViewController.storyboard; sourceTree = "<group>"; };
		86B2B6442A0DFEA5004914B3 /* PostTableViewCell.h */ = {isa = PBXFileReference; lastKnownFileType = sourcecode.c.h; path = PostTableViewCell.h; sourceTree = "<group>"; };
		86B2B6452A0DFEA5004914B3 /* PostTableViewCell.m */ = {isa = PBXFileReference; lastKnownFileType = sourcecode.c.objc; path = PostTableViewCell.m; sourceTree = "<group>"; };
		86B2B6472A0DFEBA004914B3 /* PostTableViewCell.xib */ = {isa = PBXFileReference; lastKnownFileType = file.xib; path = PostTableViewCell.xib; sourceTree = "<group>"; };
		86B2B64A2A0E18C7004914B3 /* NSDate+Helpers.h */ = {isa = PBXFileReference; lastKnownFileType = sourcecode.c.h; path = "NSDate+Helpers.h"; sourceTree = "<group>"; };
		86B2B64B2A0E18C7004914B3 /* NSDate+Helpers.m */ = {isa = PBXFileReference; lastKnownFileType = sourcecode.c.objc; path = "NSDate+Helpers.m"; sourceTree = "<group>"; };
		86B2B6522A0E3760004914B3 /* MainTabBarController.h */ = {isa = PBXFileReference; lastKnownFileType = sourcecode.c.h; path = MainTabBarController.h; sourceTree = "<group>"; };
		86B2B6532A0E3760004914B3 /* MainTabBarController.m */ = {isa = PBXFileReference; lastKnownFileType = sourcecode.c.objc; path = MainTabBarController.m; sourceTree = "<group>"; };
		86E56E782A0CAA7600BACFCB /* Obj-C SNS.app */ = {isa = PBXFileReference; explicitFileType = wrapper.application; includeInIndex = 0; path = "Obj-C SNS.app"; sourceTree = BUILT_PRODUCTS_DIR; };
		86E56E7B2A0CAA7600BACFCB /* AppDelegate.h */ = {isa = PBXFileReference; lastKnownFileType = sourcecode.c.h; path = AppDelegate.h; sourceTree = "<group>"; };
		86E56E7C2A0CAA7600BACFCB /* AppDelegate.m */ = {isa = PBXFileReference; lastKnownFileType = sourcecode.c.objc; path = AppDelegate.m; sourceTree = "<group>"; };
		86E56E7E2A0CAA7600BACFCB /* SceneDelegate.h */ = {isa = PBXFileReference; lastKnownFileType = sourcecode.c.h; path = SceneDelegate.h; sourceTree = "<group>"; };
		86E56E7F2A0CAA7600BACFCB /* SceneDelegate.m */ = {isa = PBXFileReference; lastKnownFileType = sourcecode.c.objc; path = SceneDelegate.m; sourceTree = "<group>"; };
		86E56E812A0CAA7600BACFCB /* PostListViewController.h */ = {isa = PBXFileReference; lastKnownFileType = sourcecode.c.h; path = PostListViewController.h; sourceTree = "<group>"; };
		86E56E822A0CAA7600BACFCB /* PostListViewController.m */ = {isa = PBXFileReference; lastKnownFileType = sourcecode.c.objc; path = PostListViewController.m; sourceTree = "<group>"; };
		86E56E852A0CAA7600BACFCB /* Base */ = {isa = PBXFileReference; lastKnownFileType = file.storyboard; name = Base; path = Base.lproj/Main.storyboard; sourceTree = "<group>"; };
		86E56E872A0CAA7700BACFCB /* Assets.xcassets */ = {isa = PBXFileReference; lastKnownFileType = folder.assetcatalog; path = Assets.xcassets; sourceTree = "<group>"; };
		86E56E8A2A0CAA7700BACFCB /* Base */ = {isa = PBXFileReference; lastKnownFileType = file.storyboard; name = Base; path = Base.lproj/LaunchScreen.storyboard; sourceTree = "<group>"; };
		86E56E8C2A0CAA7700BACFCB /* Info.plist */ = {isa = PBXFileReference; lastKnownFileType = text.plist.xml; path = Info.plist; sourceTree = "<group>"; };
		86E56E8D2A0CAA7700BACFCB /* main.m */ = {isa = PBXFileReference; lastKnownFileType = sourcecode.c.objc; path = main.m; sourceTree = "<group>"; };
/* End PBXFileReference section */

/* Begin PBXFrameworksBuildPhase section */
		86E56E752A0CAA7600BACFCB /* Frameworks */ = {
			isa = PBXFrameworksBuildPhase;
			buildActionMask = 2147483647;
			files = (
				86B2B64F2A0E30D5004914B3 /* SDWebImage in Frameworks */,
				86B2B6332A0CB16A004914B3 /* FirebaseFirestore in Frameworks */,
			);
			runOnlyForDeploymentPostprocessing = 0;
		};
/* End PBXFrameworksBuildPhase section */

/* Begin PBXGroup section */
		86B2B6342A0DE6C6004914B3 /* Models */ = {
			isa = PBXGroup;
			children = (
				86B2B6352A0DE6E2004914B3 /* Post.h */,
				86B2B6362A0DE6E2004914B3 /* Post.m */,
			);
			path = Models;
			sourceTree = "<group>";
		};
		86B2B6382A0DF89A004914B3 /* Scenes */ = {
			isa = PBXGroup;
			children = (
				86B2B6512A0E3732004914B3 /* MainTab */,
				86B2B63D2A0DF9F7004914B3 /* AddPost */,
				86B2B63C2A0DF9E7004914B3 /* PostList */,
			);
			path = Scenes;
			sourceTree = "<group>";
		};
		86B2B63C2A0DF9E7004914B3 /* PostList */ = {
			isa = PBXGroup;
			children = (
				86B2B6432A0DFE7A004914B3 /* Cell */,
				86E56E812A0CAA7600BACFCB /* PostListViewController.h */,
				86E56E822A0CAA7600BACFCB /* PostListViewController.m */,
				86B2B63A2A0DF8CA004914B3 /* PostListViewController.storyboard */,
			);
			path = PostList;
			sourceTree = "<group>";
		};
		86B2B63D2A0DF9F7004914B3 /* AddPost */ = {
			isa = PBXGroup;
			children = (
				86B2B63E2A0DFA20004914B3 /* AddPostViewController.h */,
				86B2B63F2A0DFA20004914B3 /* AddPostViewController.m */,
				86B2B6412A0DFA30004914B3 /* AddPostViewController.storyboard */,
			);
			path = AddPost;
			sourceTree = "<group>";
		};
		86B2B6432A0DFE7A004914B3 /* Cell */ = {
			isa = PBXGroup;
			children = (
				86B2B6442A0DFEA5004914B3 /* PostTableViewCell.h */,
				86B2B6452A0DFEA5004914B3 /* PostTableViewCell.m */,
				86B2B6472A0DFEBA004914B3 /* PostTableViewCell.xib */,
			);
			path = Cell;
			sourceTree = "<group>";
		};
		86B2B6492A0E18A2004914B3 /* Utils */ = {
			isa = PBXGroup;
			children = (
				86B2B64A2A0E18C7004914B3 /* NSDate+Helpers.h */,
				86B2B64B2A0E18C7004914B3 /* NSDate+Helpers.m */,
			);
			path = Utils;
			sourceTree = "<group>";
		};
		86B2B6512A0E3732004914B3 /* MainTab */ = {
			isa = PBXGroup;
			children = (
				86B2B6522A0E3760004914B3 /* MainTabBarController.h */,
				86B2B6532A0E3760004914B3 /* MainTabBarController.m */,
			);
			path = MainTab;
			sourceTree = "<group>";
		};
		86E56E6F2A0CAA7600BACFCB = {
			isa = PBXGroup;
			children = (
				86E56E7A2A0CAA7600BACFCB /* Obj-C SNS */,
				86E56E792A0CAA7600BACFCB /* Products */,
			);
			sourceTree = "<group>";
		};
		86E56E792A0CAA7600BACFCB /* Products */ = {
			isa = PBXGroup;
			children = (
				86E56E782A0CAA7600BACFCB /* Obj-C SNS.app */,
			);
			name = Products;
			sourceTree = "<group>";
		};
		86E56E7A2A0CAA7600BACFCB /* Obj-C SNS */ = {
			isa = PBXGroup;
			children = (
				86B2B6492A0E18A2004914B3 /* Utils */,
				86B2B6342A0DE6C6004914B3 /* Models */,
				86E56E7B2A0CAA7600BACFCB /* AppDelegate.h */,
				86B2B6382A0DF89A004914B3 /* Scenes */,
				86E56E7C2A0CAA7600BACFCB /* AppDelegate.m */,
				86E56E7E2A0CAA7600BACFCB /* SceneDelegate.h */,
				86E56E7F2A0CAA7600BACFCB /* SceneDelegate.m */,
				86E56E842A0CAA7600BACFCB /* Main.storyboard */,
				86E56E872A0CAA7700BACFCB /* Assets.xcassets */,
				86E56E892A0CAA7700BACFCB /* LaunchScreen.storyboard */,
				86E56E8C2A0CAA7700BACFCB /* Info.plist */,
				86E56E8D2A0CAA7700BACFCB /* main.m */,
				86B2B62F2A0CACDE004914B3 /* GoogleService-Info.plist */,
			);
			path = "Obj-C SNS";
			sourceTree = "<group>";
		};
/* End PBXGroup section */

/* Begin PBXNativeTarget section */
		86E56E772A0CAA7600BACFCB /* Obj-C SNS */ = {
			isa = PBXNativeTarget;
			buildConfigurationList = 86E56E912A0CAA7700BACFCB /* Build configuration list for PBXNativeTarget "Obj-C SNS" */;
			buildPhases = (
				86E56E742A0CAA7600BACFCB /* Sources */,
				86E56E752A0CAA7600BACFCB /* Frameworks */,
				86E56E762A0CAA7600BACFCB /* Resources */,
			);
			buildRules = (
			);
			dependencies = (
			);
			name = "Obj-C SNS";
			packageProductDependencies = (
				86B2B6322A0CB16A004914B3 /* FirebaseFirestore */,
				86B2B64E2A0E30D5004914B3 /* SDWebImage */,
			);
			productName = "Obj-C SNS";
			productReference = 86E56E782A0CAA7600BACFCB /* Obj-C SNS.app */;
			productType = "com.apple.product-type.application";
		};
/* End PBXNativeTarget section */

/* Begin PBXProject section */
		86E56E702A0CAA7600BACFCB /* Project object */ = {
			isa = PBXProject;
			attributes = {
				BuildIndependentTargetsInParallel = 1;
				LastUpgradeCheck = 1420;
				TargetAttributes = {
					86E56E772A0CAA7600BACFCB = {
						CreatedOnToolsVersion = 14.2;
					};
				};
			};
			buildConfigurationList = 86E56E732A0CAA7600BACFCB /* Build configuration list for PBXProject "Obj-C SNS" */;
			compatibilityVersion = "Xcode 14.0";
			developmentRegion = en;
			hasScannedForEncodings = 0;
			knownRegions = (
				en,
				Base,
			);
			mainGroup = 86E56E6F2A0CAA7600BACFCB;
			packageReferences = (
				86B2B6312A0CB16A004914B3 /* XCRemoteSwiftPackageReference "firebase-ios-sdk" */,
				86B2B64D2A0E30D5004914B3 /* XCRemoteSwiftPackageReference "SDWebImage" */,
			);
			productRefGroup = 86E56E792A0CAA7600BACFCB /* Products */;
			projectDirPath = "";
			projectRoot = "";
			targets = (
				86E56E772A0CAA7600BACFCB /* Obj-C SNS */,
			);
		};
/* End PBXProject section */

/* Begin PBXResourcesBuildPhase section */
		86E56E762A0CAA7600BACFCB /* Resources */ = {
			isa = PBXResourcesBuildPhase;
			buildActionMask = 2147483647;
			files = (
				86B2B6422A0DFA30004914B3 /* AddPostViewController.storyboard in Resources */,
				86E56E8B2A0CAA7700BACFCB /* LaunchScreen.storyboard in Resources */,
				86B2B6302A0CACDE004914B3 /* GoogleService-Info.plist in Resources */,
				86E56E882A0CAA7700BACFCB /* Assets.xcassets in Resources */,
				86B2B6482A0DFEBA004914B3 /* PostTableViewCell.xib in Resources */,
				86E56E862A0CAA7600BACFCB /* Main.storyboard in Resources */,
				86B2B63B2A0DF8CA004914B3 /* PostListViewController.storyboard in Resources */,
			);
			runOnlyForDeploymentPostprocessing = 0;
		};
/* End PBXResourcesBuildPhase section */

/* Begin PBXSourcesBuildPhase section */
		86E56E742A0CAA7600BACFCB /* Sources */ = {
			isa = PBXSourcesBuildPhase;
			buildActionMask = 2147483647;
			files = (
				86B2B64C2A0E18C7004914B3 /* NSDate+Helpers.m in Sources */,
				86B2B6372A0DE6E2004914B3 /* Post.m in Sources */,
				86B2B6542A0E3760004914B3 /* MainTabBarController.m in Sources */,
				86E56E832A0CAA7600BACFCB /* PostListViewController.m in Sources */,
				86B2B6402A0DFA20004914B3 /* AddPostViewController.m in Sources */,
				86B2B6462A0DFEA5004914B3 /* PostTableViewCell.m in Sources */,
				86E56E7D2A0CAA7600BACFCB /* AppDelegate.m in Sources */,
				86E56E8E2A0CAA7700BACFCB /* main.m in Sources */,
				86E56E802A0CAA7600BACFCB /* SceneDelegate.m in Sources */,
			);
			runOnlyForDeploymentPostprocessing = 0;
		};
/* End PBXSourcesBuildPhase section */

/* Begin PBXVariantGroup section */
		86E56E842A0CAA7600BACFCB /* Main.storyboard */ = {
			isa = PBXVariantGroup;
			children = (
				86E56E852A0CAA7600BACFCB /* Base */,
			);
			name = Main.storyboard;
			sourceTree = "<group>";
		};
		86E56E892A0CAA7700BACFCB /* LaunchScreen.storyboard */ = {
			isa = PBXVariantGroup;
			children = (
				86E56E8A2A0CAA7700BACFCB /* Base */,
			);
			name = LaunchScreen.storyboard;
			sourceTree = "<group>";
		};
/* End PBXVariantGroup section */

/* Begin XCBuildConfiguration section */
		86E56E8F2A0CAA7700BACFCB /* Debug */ = {
			isa = XCBuildConfiguration;
			buildSettings = {
				ALWAYS_SEARCH_USER_PATHS = NO;
				CLANG_ANALYZER_NONNULL = YES;
				CLANG_ANALYZER_NUMBER_OBJECT_CONVERSION = YES_AGGRESSIVE;
				CLANG_CXX_LANGUAGE_STANDARD = "gnu++20";
				CLANG_ENABLE_MODULES = YES;
				CLANG_ENABLE_OBJC_ARC = YES;
				CLANG_ENABLE_OBJC_WEAK = YES;
				CLANG_WARN_BLOCK_CAPTURE_AUTORELEASING = YES;
				CLANG_WARN_BOOL_CONVERSION = YES;
				CLANG_WARN_COMMA = YES;
				CLANG_WARN_CONSTANT_CONVERSION = YES;
				CLANG_WARN_DEPRECATED_OBJC_IMPLEMENTATIONS = YES;
				CLANG_WARN_DIRECT_OBJC_ISA_USAGE = YES_ERROR;
				CLANG_WARN_DOCUMENTATION_COMMENTS = YES;
				CLANG_WARN_EMPTY_BODY = YES;
				CLANG_WARN_ENUM_CONVERSION = YES;
				CLANG_WARN_INFINITE_RECURSION = YES;
				CLANG_WARN_INT_CONVERSION = YES;
				CLANG_WARN_NON_LITERAL_NULL_CONVERSION = YES;
				CLANG_WARN_OBJC_IMPLICIT_RETAIN_SELF = YES;
				CLANG_WARN_OBJC_LITERAL_CONVERSION = YES;
				CLANG_WARN_OBJC_ROOT_CLASS = YES_ERROR;
				CLANG_WARN_QUOTED_INCLUDE_IN_FRAMEWORK_HEADER = YES;
				CLANG_WARN_RANGE_LOOP_ANALYSIS = YES;
				CLANG_WARN_STRICT_PROTOTYPES = YES;
				CLANG_WARN_SUSPICIOUS_MOVE = YES;
				CLANG_WARN_UNGUARDED_AVAILABILITY = YES_AGGRESSIVE;
				CLANG_WARN_UNREACHABLE_CODE = YES;
				CLANG_WARN__DUPLICATE_METHOD_MATCH = YES;
				COPY_PHASE_STRIP = NO;
				DEBUG_INFORMATION_FORMAT = dwarf;
				ENABLE_STRICT_OBJC_MSGSEND = YES;
				ENABLE_TESTABILITY = YES;
				GCC_C_LANGUAGE_STANDARD = gnu11;
				GCC_DYNAMIC_NO_PIC = NO;
				GCC_NO_COMMON_BLOCKS = YES;
				GCC_OPTIMIZATION_LEVEL = 0;
				GCC_PREPROCESSOR_DEFINITIONS = (
					"DEBUG=1",
					"$(inherited)",
				);
				GCC_WARN_64_TO_32_BIT_CONVERSION = YES;
				GCC_WARN_ABOUT_RETURN_TYPE = YES_ERROR;
				GCC_WARN_UNDECLARED_SELECTOR = YES;
				GCC_WARN_UNINITIALIZED_AUTOS = YES_AGGRESSIVE;
				GCC_WARN_UNUSED_FUNCTION = YES;
				GCC_WARN_UNUSED_VARIABLE = YES;
				IPHONEOS_DEPLOYMENT_TARGET = 16.2;
				MTL_ENABLE_DEBUG_INFO = INCLUDE_SOURCE;
				MTL_FAST_MATH = YES;
				ONLY_ACTIVE_ARCH = YES;
				SDKROOT = iphoneos;
			};
			name = Debug;
		};
		86E56E902A0CAA7700BACFCB /* Release */ = {
			isa = XCBuildConfiguration;
			buildSettings = {
				ALWAYS_SEARCH_USER_PATHS = NO;
				CLANG_ANALYZER_NONNULL = YES;
				CLANG_ANALYZER_NUMBER_OBJECT_CONVERSION = YES_AGGRESSIVE;
				CLANG_CXX_LANGUAGE_STANDARD = "gnu++20";
				CLANG_ENABLE_MODULES = YES;
				CLANG_ENABLE_OBJC_ARC = YES;
				CLANG_ENABLE_OBJC_WEAK = YES;
				CLANG_WARN_BLOCK_CAPTURE_AUTORELEASING = YES;
				CLANG_WARN_BOOL_CONVERSION = YES;
				CLANG_WARN_COMMA = YES;
				CLANG_WARN_CONSTANT_CONVERSION = YES;
				CLANG_WARN_DEPRECATED_OBJC_IMPLEMENTATIONS = YES;
				CLANG_WARN_DIRECT_OBJC_ISA_USAGE = YES_ERROR;
				CLANG_WARN_DOCUMENTATION_COMMENTS = YES;
				CLANG_WARN_EMPTY_BODY = YES;
				CLANG_WARN_ENUM_CONVERSION = YES;
				CLANG_WARN_INFINITE_RECURSION = YES;
				CLANG_WARN_INT_CONVERSION = YES;
				CLANG_WARN_NON_LITERAL_NULL_CONVERSION = YES;
				CLANG_WARN_OBJC_IMPLICIT_RETAIN_SELF = YES;
				CLANG_WARN_OBJC_LITERAL_CONVERSION = YES;
				CLANG_WARN_OBJC_ROOT_CLASS = YES_ERROR;
				CLANG_WARN_QUOTED_INCLUDE_IN_FRAMEWORK_HEADER = YES;
				CLANG_WARN_RANGE_LOOP_ANALYSIS = YES;
				CLANG_WARN_STRICT_PROTOTYPES = YES;
				CLANG_WARN_SUSPICIOUS_MOVE = YES;
				CLANG_WARN_UNGUARDED_AVAILABILITY = YES_AGGRESSIVE;
				CLANG_WARN_UNREACHABLE_CODE = YES;
				CLANG_WARN__DUPLICATE_METHOD_MATCH = YES;
				COPY_PHASE_STRIP = NO;
				DEBUG_INFORMATION_FORMAT = "dwarf-with-dsym";
				ENABLE_NS_ASSERTIONS = NO;
				ENABLE_STRICT_OBJC_MSGSEND = YES;
				GCC_C_LANGUAGE_STANDARD = gnu11;
				GCC_NO_COMMON_BLOCKS = YES;
				GCC_WARN_64_TO_32_BIT_CONVERSION = YES;
				GCC_WARN_ABOUT_RETURN_TYPE = YES_ERROR;
				GCC_WARN_UNDECLARED_SELECTOR = YES;
				GCC_WARN_UNINITIALIZED_AUTOS = YES_AGGRESSIVE;
				GCC_WARN_UNUSED_FUNCTION = YES;
				GCC_WARN_UNUSED_VARIABLE = YES;
				IPHONEOS_DEPLOYMENT_TARGET = 16.2;
				MTL_ENABLE_DEBUG_INFO = NO;
				MTL_FAST_MATH = YES;
				SDKROOT = iphoneos;
				VALIDATE_PRODUCT = YES;
			};
			name = Release;
		};
		86E56E922A0CAA7700BACFCB /* Debug */ = {
			isa = XCBuildConfiguration;
			buildSettings = {
				ASSETCATALOG_COMPILER_APPICON_NAME = AppIcon;
				ASSETCATALOG_COMPILER_GLOBAL_ACCENT_COLOR_NAME = AccentColor;
				CODE_SIGN_STYLE = Automatic;
				CURRENT_PROJECT_VERSION = 1;
				DEVELOPMENT_TEAM = YB5KQCLMY6;
				GENERATE_INFOPLIST_FILE = YES;
				INFOPLIST_FILE = "Obj-C SNS/Info.plist";
				INFOPLIST_KEY_UIApplicationSupportsIndirectInputEvents = YES;
				INFOPLIST_KEY_UILaunchStoryboardName = LaunchScreen;
				INFOPLIST_KEY_UIMainStoryboardFile = Main;
				INFOPLIST_KEY_UISupportedInterfaceOrientations_iPad = "UIInterfaceOrientationPortrait UIInterfaceOrientationPortraitUpsideDown UIInterfaceOrientationLandscapeLeft UIInterfaceOrientationLandscapeRight";
				INFOPLIST_KEY_UISupportedInterfaceOrientations_iPhone = "UIInterfaceOrientationPortrait UIInterfaceOrientationLandscapeLeft UIInterfaceOrientationLandscapeRight";
				LD_RUNPATH_SEARCH_PATHS = (
					"$(inherited)",
					"@executable_path/Frameworks",
				);
				MARKETING_VERSION = 1.0;
				PRODUCT_BUNDLE_IDENTIFIER = "Taeangel.Obj-C-SNS";
				PRODUCT_NAME = "$(TARGET_NAME)";
				SWIFT_EMIT_LOC_STRINGS = YES;
				TARGETED_DEVICE_FAMILY = "1,2";
			};
			name = Debug;
		};
		86E56E932A0CAA7700BACFCB /* Release */ = {
			isa = XCBuildConfiguration;
			buildSettings = {
				ASSETCATALOG_COMPILER_APPICON_NAME = AppIcon;
				ASSETCATALOG_COMPILER_GLOBAL_ACCENT_COLOR_NAME = AccentColor;
				CODE_SIGN_STYLE = Automatic;
				CURRENT_PROJECT_VERSION = 1;
				DEVELOPMENT_TEAM = YB5KQCLMY6;
				GENERATE_INFOPLIST_FILE = YES;
				INFOPLIST_FILE = "Obj-C SNS/Info.plist";
				INFOPLIST_KEY_UIApplicationSupportsIndirectInputEvents = YES;
				INFOPLIST_KEY_UILaunchStoryboardName = LaunchScreen;
				INFOPLIST_KEY_UIMainStoryboardFile = Main;
				INFOPLIST_KEY_UISupportedInterfaceOrientations_iPad = "UIInterfaceOrientationPortrait UIInterfaceOrientationPortraitUpsideDown UIInterfaceOrientationLandscapeLeft UIInterfaceOrientationLandscapeRight";
				INFOPLIST_KEY_UISupportedInterfaceOrientations_iPhone = "UIInterfaceOrientationPortrait UIInterfaceOrientationLandscapeLeft UIInterfaceOrientationLandscapeRight";
				LD_RUNPATH_SEARCH_PATHS = (
					"$(inherited)",
					"@executable_path/Frameworks",
				);
				MARKETING_VERSION = 1.0;
				PRODUCT_BUNDLE_IDENTIFIER = "Taeangel.Obj-C-SNS";
				PRODUCT_NAME = "$(TARGET_NAME)";
				SWIFT_EMIT_LOC_STRINGS = YES;
				TARGETED_DEVICE_FAMILY = "1,2";
			};
			name = Release;
		};
/* End XCBuildConfiguration section */

/* Begin XCConfigurationList section */
		86E56E732A0CAA7600BACFCB /* Build configuration list for PBXProject "Obj-C SNS" */ = {
			isa = XCConfigurationList;
			buildConfigurations = (
				86E56E8F2A0CAA7700BACFCB /* Debug */,
				86E56E902A0CAA7700BACFCB /* Release */,
			);
			defaultConfigurationIsVisible = 0;
			defaultConfigurationName = Release;
		};
		86E56E912A0CAA7700BACFCB /* Build configuration list for PBXNativeTarget "Obj-C SNS" */ = {
			isa = XCConfigurationList;
			buildConfigurations = (
				86E56E922A0CAA7700BACFCB /* Debug */,
				86E56E932A0CAA7700BACFCB /* Release */,
			);
			defaultConfigurationIsVisible = 0;
			defaultConfigurationName = Release;
		};
/* End XCConfigurationList section */

/* Begin XCRemoteSwiftPackageReference section */
		86B2B6312A0CB16A004914B3 /* XCRemoteSwiftPackageReference "firebase-ios-sdk" */ = {
			isa = XCRemoteSwiftPackageReference;
			repositoryURL = "https://github.com/firebase/firebase-ios-sdk";
			requirement = {
				kind = upToNextMajorVersion;
				minimumVersion = 9.0.0;
			};
		};
		86B2B64D2A0E30D5004914B3 /* XCRemoteSwiftPackageReference "SDWebImage" */ = {
			isa = XCRemoteSwiftPackageReference;
			repositoryURL = "https://github.com/SDWebImage/SDWebImage.git";
			requirement = {
				kind = upToNextMajorVersion;
				minimumVersion = 5.0.0;
			};
		};
/* End XCRemoteSwiftPackageReference section */

/* Begin XCSwiftPackageProductDependency section */
		86B2B6322A0CB16A004914B3 /* FirebaseFirestore */ = {
			isa = XCSwiftPackageProductDependency;
			package = 86B2B6312A0CB16A004914B3 /* XCRemoteSwiftPackageReference "firebase-ios-sdk" */;
			productName = FirebaseFirestore;
		};
		86B2B64E2A0E30D5004914B3 /* SDWebImage */ = {
			isa = XCSwiftPackageProductDependency;
			package = 86B2B64D2A0E30D5004914B3 /* XCRemoteSwiftPackageReference "SDWebImage" */;
			productName = SDWebImage;
		};
/* End XCSwiftPackageProductDependency section */
	};
	rootObject = 86E56E702A0CAA7600BACFCB /* Project object */;
}
